
Microsoft Visual Studio Solution File, Format Version 12.00
# Visual Studio Version 16
VisualStudioVersion = 16.0.29102.190
MinimumVisualStudioVersion = 10.0.40219.1
Project("{FAE04EC0-301F-11D3-BF4B-00C04F79EFBC}") = "AppMatriz.UWP", "AppMatriz\AppMatriz.UWP\AppMatriz.UWP.csproj", "{B820BF0E-2EBB-4FD6-A1C4-5D9F85C8BA53}"
EndProject
Project("{FAE04EC0-301F-11D3-BF4B-00C04F79EFBC}") = "AppMatriz.Android", "AppMatriz\AppMatriz.Android\AppMatriz.Android.csproj", "{3DAEB796-F73A-4247-9445-8295B6D72176}"
EndProject
Project("{FAE04EC0-301F-11D3-BF4B-00C04F79EFBC}") = "AppMatriz.iOS", "AppMatriz\AppMatriz.iOS\AppMatriz.iOS.csproj", "{E59573D3-0849-4314-B1EC-B248D7119B00}"
EndProject
Project("{FAE04EC0-301F-11D3-BF4B-00C04F79EFBC}") = "AppMatriz", "AppMatriz\AppMatriz\AppMatriz.csproj", "{FFFBCC13-8F2F-46B7-BABC-387B34DA13A3}"
EndProject
Global
	GlobalSection(SolutionConfigurationPlatforms) = preSolution
		Debug|Any CPU = Debug|Any CPU
		Debug|ARM = Debug|ARM
		Debug|iPhone = Debug|iPhone
		Debug|iPhoneSimulator = Debug|iPhoneSimulator
		Debug|x64 = Debug|x64
		Debug|x86 = Debug|x86
		Release|Any CPU = Release|Any CPU
		Release|ARM = Release|ARM
		Release|iPhone = Release|iPhone
		Release|iPhoneSimulator = Release|iPhoneSimulator
		Release|x64 = Release|x64
		Release|x86 = Release|x86
	EndGlobalSection
	GlobalSection(ProjectConfigurationPlatforms) = postSolution
		{B820BF0E-2EBB-4FD6-A1C4-5D9F85C8BA53}.Debug|Any CPU.ActiveCfg = Debug|x86
		{B820BF0E-2EBB-4FD6-A1C4-5D9F85C8BA53}.Debug|Any CPU.Build.0 = Debug|x86
		{B820BF0E-2EBB-4FD6-A1C4-5D9F85C8BA53}.Debug|Any CPU.Deploy.0 = Debug|x86
		{B820BF0E-2EBB-4FD6-A1C4-5D9F85C8BA53}.Debug|ARM.ActiveCfg = Debug|ARM
		{B820BF0E-2EBB-4FD6-A1C4-5D9F85C8BA53}.Debug|ARM.Build.0 = Debug|ARM
		{B820BF0E-2EBB-4FD6-A1C4-5D9F85C8BA53}.Debug|ARM.Deploy.0 = Debug|ARM
		{B820BF0E-2EBB-4FD6-A1C4-5D9F85C8BA53}.Debug|iPhone.ActiveCfg = Debug|x86
		{B820BF0E-2EBB-4FD6-A1C4-5D9F85C8BA53}.Debug|iPhone.Build.0 = Debug|x86
		{B820BF0E-2EBB-4FD6-A1C4-5D9F85C8BA53}.Debug|iPhone.Deploy.0 = Debug|x86
		{B820BF0E-2EBB-4FD6-A1C4-5D9F85C8BA53}.Debug|iPhoneSimulator.ActiveCfg = Debug|x86
		{B820BF0E-2EBB-4FD6-A1C4-5D9F85C8BA53}.Debug|iPhoneSimulator.Build.0 = Debug|x86
		{B820BF0E-2EBB-4FD6-A1C4-5D9F85C8BA53}.Debug|iPhoneSimulator.Deploy.0 = Debug|x86
		{B820BF0E-2EBB-4FD6-A1C4-5D9F85C8BA53}.Debug|x64.ActiveCfg = Debug|x64
		{B820BF0E-2EBB-4FD6-A1C4-5D9F85C8BA53}.Debug|x64.Build.0 = Debug|x64
		{B820BF0E-2EBB-4FD6-A1C4-5D9F85C8BA53}.Debug|x64.Deploy.0 = Debug|x64
		{B820BF0E-2EBB-4FD6-A1C4-5D9F85C8BA53}.Debug|x86.ActiveCfg = Debug|x86
		{B820BF0E-2EBB-4FD6-A1C4-5D9F85C8BA53}.Debug|x86.Build.0 = Debug|x86
		{B820BF0E-2EBB-4FD6-A1C4-5D9F85C8BA53}.Debug|x86.Deploy.0 = Debug|x86
		{B820BF0E-2EBB-4FD6-A1C4-5D9F85C8BA53}.Release|Any CPU.ActiveCfg = Release|x86
		{B820BF0E-2EBB-4FD6-A1C4-5D9F85C8BA53}.Release|Any CPU.Build.0 = Release|x86
		{B820BF0E-2EBB-4FD6-A1C4-5D9F85C8BA53}.Release|Any CPU.Deploy.0 = Release|x86
		{B820BF0E-2EBB-4FD6-A1C4-5D9F85C8BA53}.Release|ARM.ActiveCfg = Release|ARM
		{B820BF0E-2EBB-4FD6-A1C4-5D9F85C8BA53}.Release|ARM.Build.0 = Release|ARM
		{B820BF0E-2EBB-4FD6-A1C4-5D9F85C8BA53}.Release|ARM.Deploy.0 = Release|ARM
		{B820BF0E-2EBB-4FD6-A1C4-5D9F85C8BA53}.Release|iPhone.ActiveCfg = Release|x86
		{B820BF0E-2EBB-4FD6-A1C4-5D9F85C8BA53}.Release|iPhone.Build.0 = Release|x86
		{B820BF0E-2EBB-4FD6-A1C4-5D9F85C8BA53}.Release|iPhone.Deploy.0 = Release|x86
		{B820BF0E-2EBB-4FD6-A1C4-5D9F85C8BA53}.Release|iPhoneSimulator.ActiveCfg = Release|x86
		{B820BF0E-2EBB-4FD6-A1C4-5D9F85C8BA53}.Release|iPhoneSimulator.Build.0 = Release|x86
		{B820BF0E-2EBB-4FD6-A1C4-5D9F85C8BA53}.Release|iPhoneSimulator.Deploy.0 = Release|x86
		{B820BF0E-2EBB-4FD6-A1C4-5D9F85C8BA53}.Release|x64.ActiveCfg = Release|x64
		{B820BF0E-2EBB-4FD6-A1C4-5D9F85C8BA53}.Release|x64.Build.0 = Release|x64
		{B820BF0E-2EBB-4FD6-A1C4-5D9F85C8BA53}.Release|x64.Deploy.0 = Release|x64
		{B820BF0E-2EBB-4FD6-A1C4-5D9F85C8BA53}.Release|x86.ActiveCfg = Release|x86
		{B820BF0E-2EBB-4FD6-A1C4-5D9F85C8BA53}.Release|x86.Build.0 = Release|x86
		{B820BF0E-2EBB-4FD6-A1C4-5D9F85C8BA53}.Release|x86.Deploy.0 = Release|x86
		{3DAEB796-F73A-4247-9445-8295B6D72176}.Debug|Any CPU.ActiveCfg = Debug|Any CPU
		{3DAEB796-F73A-4247-9445-8295B6D72176}.Debug|Any CPU.Build.0 = Debug|Any CPU
		{3DAEB796-F73A-4247-9445-8295B6D72176}.Debug|Any CPU.Deploy.0 = Debug|Any CPU
		{3DAEB796-F73A-4247-9445-8295B6D72176}.Debug|ARM.ActiveCfg = Debug|Any CPU
		{3DAEB796-F73A-4247-9445-8295B6D72176}.Debug|ARM.Build.0 = Debug|Any CPU
		{3DAEB796-F73A-4247-9445-8295B6D72176}.Debug|ARM.Deploy.0 = Debug|Any CPU
		{3DAEB796-F73A-4247-9445-8295B6D72176}.Debug|iPhone.ActiveCfg = Debug|Any CPU
		{3DAEB796-F73A-4247-9445-8295B6D72176}.Debug|iPhone.Build.0 = Debug|Any CPU
		{3DAEB796-F73A-4247-9445-8295B6D72176}.Debug|iPhone.Deploy.0 = Debug|Any CPU
		{3DAEB796-F73A-4247-9445-8295B6D72176}.Debug|iPhoneSimulator.ActiveCfg = Debug|Any CPU
		{3DAEB796-F73A-4247-9445-8295B6D72176}.Debug|iPhoneSimulator.Build.0 = Debug|Any CPU
		{3DAEB796-F73A-4247-9445-8295B6D72176}.Debug|iPhoneSimulator.Deploy.0 = Debug|Any CPU
		{3DAEB796-F73A-4247-9445-8295B6D72176}.Debug|x64.ActiveCfg = Debug|Any CPU
		{3DAEB796-F73A-4247-9445-8295B6D72176}.Debug|x64.Build.0 = Debug|Any CPU
		{3DAEB796-F73A-4247-9445-8295B6D72176}.Debug|x64.Deploy.0 = Debug|Any CPU
		{3DAEB796-F73A-4247-9445-8295B6D72176}.Debug|x86.ActiveCfg = Debug|Any CPU
		{3DAEB796-F73A-4247-9445-8295B6D72176}.Debug|x86.Build.0 = Debug|Any CPU
		{3DAEB796-F73A-4247-9445-8295B6D72176}.Debug|x86.Deploy.0 = Debug|Any CPU
		{3DAEB796-F73A-4247-9445-8295B6D72176}.Release|Any CPU.ActiveCfg = Release|Any CPU
		{3DAEB796-F73A-4247-9445-8295B6D72176}.Release|Any CPU.Build.0 = Release|Any CPU
		{3DAEB796-F73A-4247-9445-8295B6D72176}.Release|Any CPU.Deploy.0 = Release|Any CPU
		{3DAEB796-F73A-4247-9445-8295B6D72176}.Release|ARM.ActiveCfg = Release|Any CPU
		{3DAEB796-F73A-4247-9445-8295B6D72176}.Release|ARM.Build.0 = Release|Any CPU
		{3DAEB796-F73A-4247-9445-8295B6D72176}.Release|ARM.Deploy.0 = Release|Any CPU
		{3DAEB796-F73A-4247-9445-8295B6D72176}.Release|iPhone.ActiveCfg = Release|Any CPU
		{3DAEB796-F73A-4247-9445-8295B6D72176}.Release|iPhone.Build.0 = Release|Any CPU
		{3DAEB796-F73A-4247-9445-8295B6D72176}.Release|iPhone.Deploy.0 = Release|Any CPU
		{3DAEB796-F73A-4247-9445-8295B6D72176}.Release|iPhoneSimulator.ActiveCfg = Release|Any CPU
		{3DAEB796-F73A-4247-9445-8295B6D72176}.Release|iPhoneSimulator.Build.0 = Release|Any CPU
		{3DAEB796-F73A-4247-9445-8295B6D72176}.Release|iPhoneSimulator.Deploy.0 = Release|Any CPU
		{3DAEB796-F73A-4247-9445-8295B6D72176}.Release|x64.ActiveCfg = Release|Any CPU
		{3DAEB796-F73A-4247-9445-8295B6D72176}.Release|x64.Build.0 = Release|Any CPU
		{3DAEB796-F73A-4247-9445-8295B6D72176}.Release|x64.Deploy.0 = Release|Any CPU
		{3DAEB796-F73A-4247-9445-8295B6D72176}.Release|x86.ActiveCfg = Release|Any CPU
		{3DAEB796-F73A-4247-9445-8295B6D72176}.Release|x86.Build.0 = Release|Any CPU
		{3DAEB796-F73A-4247-9445-8295B6D72176}.Release|x86.Deploy.0 = Release|Any CPU
		{E59573D3-0849-4314-B1EC-B248D7119B00}.Debug|Any CPU.ActiveCfg = Debug|iPhone
		{E59573D3-0849-4314-B1EC-B248D7119B00}.Debug|Any CPU.Build.0 = Debug|iPhone
		{E59573D3-0849-4314-B1EC-B248D7119B00}.Debug|Any CPU.Deploy.0 = Debug|iPhone
		{E59573D3-0849-4314-B1EC-B248D7119B00}.Debug|ARM.ActiveCfg = Debug|iPhoneSimulator
		{E59573D3-0849-4314-B1EC-B248D7119B00}.Debug|ARM.Build.0 = Debug|iPhoneSimulator
		{E59573D3-0849-4314-B1EC-B248D7119B00}.Debug|ARM.Deploy.0 = Debug|iPhoneSimulator
		{E59573D3-0849-4314-B1EC-B248D7119B00}.Debug|iPhone.ActiveCfg = Debug|iPhone
		{E59573D3-0849-4314-B1EC-B248D7119B00}.Debug|iPhone.Build.0 = Debug|iPhone
		{E59573D3-0849-4314-B1EC-B248D7119B00}.Debug|iPhone.Deploy.0 = Debug|iPhone
		{E59573D3-0849-4314-B1EC-B248D7119B00}.Debug|iPhoneSimulator.ActiveCfg = Debug|iPhoneSimulator
		{E59573D3-0849-4314-B1EC-B248D7119B00}.Debug|iPhoneSimulator.Build.0 = Debug|iPhoneSimulator
		{E59573D3-0849-4314-B1EC-B248D7119B00}.Debug|iPhoneSimulator.Deploy.0 = Debug|iPhoneSimulator
		{E59573D3-0849-4314-B1EC-B248D7119B00}.Debug|x64.ActiveCfg = Debug|iPhone
		{E59573D3-0849-4314-B1EC-B248D7119B00}.Debug|x64.Build.0 = Debug|iPhone
		{E59573D3-0849-4314-B1EC-B248D7119B00}.Debug|x64.Deploy.0 = Debug|iPhone
		{E59573D3-0849-4314-B1EC-B248D7119B00}.Debug|x86.ActiveCfg = Debug|iPhone
		{E59573D3-0849-4314-B1EC-B248D7119B00}.Debug|x86.Build.0 = Debug|iPhone
		{E59573D3-0849-4314-B1EC-B248D7119B00}.Debug|x86.Deploy.0 = Debug|iPhone
		{E59573D3-0849-4314-B1EC-B248D7119B00}.Release|Any CPU.ActiveCfg = Release|iPhone
		{E59573D3-0849-4314-B1EC-B248D7119B00}.Release|Any CPU.Build.0 = Release|iPhone
		{E59573D3-0849-4314-B1EC-B248D7119B00}.Release|Any CPU.Deploy.0 = Release|iPhone
		{E59573D3-0849-4314-B1EC-B248D7119B00}.Release|ARM.ActiveCfg = Release|iPhone
		{E59573D3-0849-4314-B1EC-B248D7119B00}.Release|ARM.Build.0 = Release|iPhone
		{E59573D3-0849-4314-B1EC-B248D7119B00}.Release|ARM.Deploy.0 = Release|iPhone
		{E59573D3-0849-4314-B1EC-B248D7119B00}.Release|iPhone.ActiveCfg = Release|iPhone
		{E59573D3-0849-4314-B1EC-B248D7119B00}.Release|iPhone.Build.0 = Release|iPhone
		{E59573D3-0849-4314-B1EC-B248D7119B00}.Release|iPhone.Deploy.0 = Release|iPhone
		{E59573D3-0849-4314-B1EC-B248D7119B00}.Release|iPhoneSimulator.ActiveCfg = Release|iPhoneSimulator
		{E59573D3-0849-4314-B1EC-B248D7119B00}.Release|iPhoneSimulator.Build.0 = Release|iPhoneSimulator
		{E59573D3-0849-4314-B1EC-B248D7119B00}.Release|iPhoneSimulator.Deploy.0 = Release|iPhoneSimulator
		{E59573D3-0849-4314-B1EC-B248D7119B00}.Release|x64.ActiveCfg = Release|iPhone
		{E59573D3-0849-4314-B1EC-B248D7119B00}.Release|x64.Build.0 = Release|iPhone
		{E59573D3-0849-4314-B1EC-B248D7119B00}.Release|x64.Deploy.0 = Release|iPhone
		{E59573D3-0849-4314-B1EC-B248D7119B00}.Release|x86.ActiveCfg = Release|iPhone
		{E59573D3-0849-4314-B1EC-B248D7119B00}.Release|x86.Build.0 = Release|iPhone
		{E59573D3-0849-4314-B1EC-B248D7119B00}.Release|x86.Deploy.0 = Release|iPhone
		{FFFBCC13-8F2F-46B7-BABC-387B34DA13A3}.Debug|Any CPU.ActiveCfg = Debug|Any CPU
		{FFFBCC13-8F2F-46B7-BABC-387B34DA13A3}.Debug|Any CPU.Build.0 = Debug|Any CPU
		{FFFBCC13-8F2F-46B7-BABC-387B34DA13A3}.Debug|Any CPU.Deploy.0 = Debug|Any CPU
		{FFFBCC13-8F2F-46B7-BABC-387B34DA13A3}.Debug|ARM.ActiveCfg = Debug|Any CPU
		{FFFBCC13-8F2F-46B7-BABC-387B34DA13A3}.Debug|ARM.Build.0 = Debug|Any CPU
		{FFFBCC13-8F2F-46B7-BABC-387B34DA13A3}.Debug|ARM.Deploy.0 = Debug|Any CPU
		{FFFBCC13-8F2F-46B7-BABC-387B34DA13A3}.Debug|iPhone.ActiveCfg = Debug|Any CPU
		{FFFBCC13-8F2F-46B7-BABC-387B34DA13A3}.Debug|iPhone.Build.0 = Debug|Any CPU
		{FFFBCC13-8F2F-46B7-BABC-387B34DA13A3}.Debug|iPhone.Deploy.0 = Debug|Any CPU
		{FFFBCC13-8F2F-46B7-BABC-387B34DA13A3}.Debug|iPhoneSimulator.ActiveCfg = Debug|Any CPU
		{FFFBCC13-8F2F-46B7-BABC-387B34DA13A3}.Debug|iPhoneSimulator.Build.0 = Debug|Any CPU
		{FFFBCC13-8F2F-46B7-BABC-387B34DA13A3}.Debug|iPhoneSimulator.Deploy.0 = Debug|Any CPU
		{FFFBCC13-8F2F-46B7-BABC-387B34DA13A3}.Debug|x64.ActiveCfg = Debug|Any CPU
		{FFFBCC13-8F2F-46B7-BABC-387B34DA13A3}.Debug|x64.Build.0 = Debug|Any CPU
		{FFFBCC13-8F2F-46B7-BABC-387B34DA13A3}.Debug|x64.Deploy.0 = Debug|Any CPU
		{FFFBCC13-8F2F-46B7-BABC-387B34DA13A3}.Debug|x86.ActiveCfg = Debug|Any CPU
		{FFFBCC13-8F2F-46B7-BABC-387B34DA13A3}.Debug|x86.Build.0 = Debug|Any CPU
		{FFFBCC13-8F2F-46B7-BABC-387B34DA13A3}.Debug|x86.Deploy.0 = Debug|Any CPU
		{FFFBCC13-8F2F-46B7-BABC-387B34DA13A3}.Release|Any CPU.ActiveCfg = Release|Any CPU
		{FFFBCC13-8F2F-46B7-BABC-387B34DA13A3}.Release|Any CPU.Build.0 = Release|Any CPU
		{FFFBCC13-8F2F-46B7-BABC-387B34DA13A3}.Release|Any CPU.Deploy.0 = Release|Any CPU
		{FFFBCC13-8F2F-46B7-BABC-387B34DA13A3}.Release|ARM.ActiveCfg = Release|Any CPU
		{FFFBCC13-8F2F-46B7-BABC-387B34DA13A3}.Release|ARM.Build.0 = Release|Any CPU
		{FFFBCC13-8F2F-46B7-BABC-387B34DA13A3}.Release|ARM.Deploy.0 = Release|Any CPU
		{FFFBCC13-8F2F-46B7-BABC-387B34DA13A3}.Release|iPhone.ActiveCfg = Release|Any CPU
		{FFFBCC13-8F2F-46B7-BABC-387B34DA13A3}.Release|iPhone.Build.0 = Release|Any CPU
		{FFFBCC13-8F2F-46B7-BABC-387B34DA13A3}.Release|iPhone.Deploy.0 = Release|Any CPU
		{FFFBCC13-8F2F-46B7-BABC-387B34DA13A3}.Release|iPhoneSimulator.ActiveCfg = Release|Any CPU
		{FFFBCC13-8F2F-46B7-BABC-387B34DA13A3}.Release|iPhoneSimulator.Build.0 = Release|Any CPU
		{FFFBCC13-8F2F-46B7-BABC-387B34DA13A3}.Release|iPhoneSimulator.Deploy.0 = Release|Any CPU
		{FFFBCC13-8F2F-46B7-BABC-387B34DA13A3}.Release|x64.ActiveCfg = Release|Any CPU
		{FFFBCC13-8F2F-46B7-BABC-387B34DA13A3}.Release|x64.Build.0 = Release|Any CPU
		{FFFBCC13-8F2F-46B7-BABC-387B34DA13A3}.Release|x64.Deploy.0 = Release|Any CPU
		{FFFBCC13-8F2F-46B7-BABC-387B34DA13A3}.Release|x86.ActiveCfg = Release|Any CPU
		{FFFBCC13-8F2F-46B7-BABC-387B34DA13A3}.Release|x86.Build.0 = Release|Any CPU
		{FFFBCC13-8F2F-46B7-BABC-387B34DA13A3}.Release|x86.Deploy.0 = Release|Any CPU
	EndGlobalSection
	GlobalSection(SolutionProperties) = preSolution
		HideSolutionNode = FALSE
	EndGlobalSection
	GlobalSection(ExtensibilityGlobals) = postSolution
		SolutionGuid = {F319C475-DE94-4C8A-989B-AB2E163BD695}
	EndGlobalSection
EndGlobal
